
Microsoft Visual Studio Solution File, Format Version 12.00
# Visual Studio Version 16
VisualStudioVersion = 16.0.30104.148
MinimumVisualStudioVersion = 10.0.40219.1
Project("{FAE04EC0-301F-11D3-BF4B-00C04F79EFBC}") = "WindowsFormsApp3", "WindowsFormsApp3\WindowsFormsApp3.csproj", "{DC74F6FF-2A46-46A5-ABE0-52B9D33E12D1}"
EndProject
Project("{FAE04EC0-301F-11D3-BF4B-00C04F79EFBC}") = "ExcelHelp", "ExcelHelp\ExcelHelp.csproj", "{76485589-FA94-4B37-8818-B3CE8556C2FF}"
EndProject
Global
	GlobalSection(SolutionConfigurationPlatforms) = preSolution
		Debug|Any CPU = Debug|Any CPU
		Release|Any CPU = Release|Any CPU
	EndGlobalSection
	GlobalSection(ProjectConfigurationPlatforms) = postSolution
		{DC74F6FF-2A46-46A5-ABE0-52B9D33E12D1}.Debug|Any CPU.ActiveCfg = Debug|Any CPU
		{DC74F6FF-2A46-46A5-ABE0-52B9D33E12D1}.Debug|Any CPU.Build.0 = Debug|Any CPU
		{DC74F6FF-2A46-46A5-ABE0-52B9D33E12D1}.Release|Any CPU.ActiveCfg = Release|Any CPU
		{DC74F6FF-2A46-46A5-ABE0-52B9D33E12D1}.Release|Any CPU.Build.0 = Release|Any CPU
		{76485589-FA94-4B37-8818-B3CE8556C2FF}.Debug|Any CPU.ActiveCfg = Debug|Any CPU
		{76485589-FA94-4B37-8818-B3CE8556C2FF}.Debug|Any CPU.Build.0 = Debug|Any CPU
		{76485589-FA94-4B37-8818-B3CE8556C2FF}.Release|Any CPU.ActiveCfg = Release|Any CPU
		{76485589-FA94-4B37-8818-B3CE8556C2FF}.Release|Any CPU.Build.0 = Release|Any CPU
	EndGlobalSection
	GlobalSection(SolutionProperties) = preSolution
		HideSolutionNode = FALSE
	EndGlobalSection
	GlobalSection(ExtensibilityGlobals) = postSolution
		SolutionGuid = {10671CB2-9EDF-4C88-9772-87AE072BDE5F}
	EndGlobalSection
EndGlobal
